
Microsoft Visual Studio Solution File, Format Version 12.00
# Visual Studio Version 17
VisualStudioVersion = 17.13.35931.197
MinimumVisualStudioVersion = 10.0.40219.1
Project("{FAE04EC0-301F-11D3-BF4B-00C04F79EFBC}") = "ManagementApi", "ManagementApi\ManagementApi.csproj", "{2B773B25-E5CB-4F81-B798-3376006B746D}"
EndProject
Project("{FAE04EC0-301F-11D3-BF4B-00C04F79EFBC}") = "Core", "Core\Core.csproj", "{289366D1-3178-4D38-8BAA-1B31FFE92307}"
EndProject
Project("{FAE04EC0-301F-11D3-BF4B-00C04F79EFBC}") = "Infrastructure", "Infrastructure\Infrastructure.csproj", "{10DCE4F7-3AFF-442E-B2AC-D4A10B493FC8}"
EndProject
Global
	GlobalSection(SolutionConfigurationPlatforms) = preSolution
		Debug|Any CPU = Debug|Any CPU
		Release|Any CPU = Release|Any CPU
	EndGlobalSection
	GlobalSection(ProjectConfigurationPlatforms) = postSolution
		{2B773B25-E5CB-4F81-B798-3376006B746D}.Debug|Any CPU.ActiveCfg = Debug|Any CPU
		{2B773B25-E5CB-4F81-B798-3376006B746D}.Debug|Any CPU.Build.0 = Debug|Any CPU
		{2B773B25-E5CB-4F81-B798-3376006B746D}.Release|Any CPU.ActiveCfg = Release|Any CPU
		{2B773B25-E5CB-4F81-B798-3376006B746D}.Release|Any CPU.Build.0 = Release|Any CPU
		{289366D1-3178-4D38-8BAA-1B31FFE92307}.Debug|Any CPU.ActiveCfg = Debug|Any CPU
		{289366D1-3178-4D38-8BAA-1B31FFE92307}.Debug|Any CPU.Build.0 = Debug|Any CPU
		{289366D1-3178-4D38-8BAA-1B31FFE92307}.Release|Any CPU.ActiveCfg = Release|Any CPU
		{289366D1-3178-4D38-8BAA-1B31FFE92307}.Release|Any CPU.Build.0 = Release|Any CPU
		{10DCE4F7-3AFF-442E-B2AC-D4A10B493FC8}.Debug|Any CPU.ActiveCfg = Debug|Any CPU
		{10DCE4F7-3AFF-442E-B2AC-D4A10B493FC8}.Debug|Any CPU.Build.0 = Debug|Any CPU
		{10DCE4F7-3AFF-442E-B2AC-D4A10B493FC8}.Release|Any CPU.ActiveCfg = Release|Any CPU
		{10DCE4F7-3AFF-442E-B2AC-D4A10B493FC8}.Release|Any CPU.Build.0 = Release|Any CPU
	EndGlobalSection
	GlobalSection(SolutionProperties) = preSolution
		HideSolutionNode = FALSE
	EndGlobalSection
	GlobalSection(ExtensibilityGlobals) = postSolution
		SolutionGuid = {52F7B165-DE77-4431-BDA2-58C613761200}
	EndGlobalSection
EndGlobal
